// !$*UTF8*$!
{
	archiveVersion = 1;
	classes = {
	};
	objectVersion = 56;
	objects = {

/* Begin PBXBuildFile section */
		1368A92F2A7CCFFA00E14E7C /* Glaip in Frameworks */ = {isa = PBXBuildFile; productRef = 1368A92E2A7CCFFA00E14E7C /* Glaip */; };
		13BD12322A7A284400A62039 /* AppDelegate.swift in Sources */ = {isa = PBXBuildFile; fileRef = 13BD12312A7A284400A62039 /* AppDelegate.swift */; };
		13BD12342A7A284400A62039 /* SceneDelegate.swift in Sources */ = {isa = PBXBuildFile; fileRef = 13BD12332A7A284400A62039 /* SceneDelegate.swift */; };
		13BD12362A7A284400A62039 /* ViewController.swift in Sources */ = {isa = PBXBuildFile; fileRef = 13BD12352A7A284400A62039 /* ViewController.swift */; };
		13BD12392A7A284400A62039 /* Main.storyboard in Resources */ = {isa = PBXBuildFile; fileRef = 13BD12372A7A284400A62039 /* Main.storyboard */; };
		13BD123B2A7A284500A62039 /* Assets.xcassets in Resources */ = {isa = PBXBuildFile; fileRef = 13BD123A2A7A284500A62039 /* Assets.xcassets */; };
		13BD123E2A7A284500A62039 /* LaunchScreen.storyboard in Resources */ = {isa = PBXBuildFile; fileRef = 13BD123C2A7A284500A62039 /* LaunchScreen.storyboard */; };
/* End PBXBuildFile section */

/* Begin PBXFileReference section */
		13BD122E2A7A284400A62039 /* MetaMask-iOS.app */ = {isa = PBXFileReference; explicitFileType = wrapper.application; includeInIndex = 0; path = "MetaMask-iOS.app"; sourceTree = BUILT_PRODUCTS_DIR; };
		13BD12312A7A284400A62039 /* AppDelegate.swift */ = {isa = PBXFileReference; lastKnownFileType = sourcecode.swift; path = AppDelegate.swift; sourceTree = "<group>"; };
		13BD12332A7A284400A62039 /* SceneDelegate.swift */ = {isa = PBXFileReference; lastKnownFileType = sourcecode.swift; path = SceneDelegate.swift; sourceTree = "<group>"; };
		13BD12352A7A284400A62039 /* ViewController.swift */ = {isa = PBXFileReference; lastKnownFileType = sourcecode.swift; path = ViewController.swift; sourceTree = "<group>"; };
		13BD12382A7A284400A62039 /* Base */ = {isa = PBXFileReference; lastKnownFileType = file.storyboard; name = Base; path = Base.lproj/Main.storyboard; sourceTree = "<group>"; };
		13BD123A2A7A284500A62039 /* Assets.xcassets */ = {isa = PBXFileReference; lastKnownFileType = folder.assetcatalog; path = Assets.xcassets; sourceTree = "<group>"; };
		13BD123D2A7A284500A62039 /* Base */ = {isa = PBXFileReference; lastKnownFileType = file.storyboard; name = Base; path = Base.lproj/LaunchScreen.storyboard; sourceTree = "<group>"; };
		13BD123F2A7A284500A62039 /* Info.plist */ = {isa = PBXFileReference; lastKnownFileType = text.plist.xml; path = Info.plist; sourceTree = "<group>"; };
/* End PBXFileReference section */

/* Begin PBXFrameworksBuildPhase section */
		13BD122B2A7A284400A62039 /* Frameworks */ = {
			isa = PBXFrameworksBuildPhase;
			buildActionMask = 2147483647;
			files = (
				1368A92F2A7CCFFA00E14E7C /* Glaip in Frameworks */,
			);
			runOnlyForDeploymentPostprocessing = 0;
		};
/* End PBXFrameworksBuildPhase section */

/* Begin PBXGroup section */
		05EBD23C79296DC8CA640B25 /* Pods */ = {
			isa = PBXGroup;
			children = (
			);
			path = Pods;
			sourceTree = "<group>";
		};
		13BD12252A7A284400A62039 = {
			isa = PBXGroup;
			children = (
				13BD12302A7A284400A62039 /* MetaMask-iOS */,
				13BD122F2A7A284400A62039 /* Products */,
				05EBD23C79296DC8CA640B25 /* Pods */,
			);
			sourceTree = "<group>";
		};
		13BD122F2A7A284400A62039 /* Products */ = {
			isa = PBXGroup;
			children = (
				13BD122E2A7A284400A62039 /* MetaMask-iOS.app */,
			);
			name = Products;
			sourceTree = "<group>";
		};
		13BD12302A7A284400A62039 /* MetaMask-iOS */ = {
			isa = PBXGroup;
			children = (
				13BD12312A7A284400A62039 /* AppDelegate.swift */,
				13BD12332A7A284400A62039 /* SceneDelegate.swift */,
				13BD12352A7A284400A62039 /* ViewController.swift */,
				13BD12372A7A284400A62039 /* Main.storyboard */,
				13BD123A2A7A284500A62039 /* Assets.xcassets */,
				13BD123C2A7A284500A62039 /* LaunchScreen.storyboard */,
				13BD123F2A7A284500A62039 /* Info.plist */,
			);
			path = "MetaMask-iOS";
			sourceTree = "<group>";
		};
/* End PBXGroup section */

/* Begin PBXNativeTarget section */
		13BD122D2A7A284400A62039 /* MetaMask-iOS */ = {
			isa = PBXNativeTarget;
			buildConfigurationList = 13BD12422A7A284500A62039 /* Build configuration list for PBXNativeTarget "MetaMask-iOS" */;
			buildPhases = (
				13BD122A2A7A284400A62039 /* Sources */,
				13BD122B2A7A284400A62039 /* Frameworks */,
				13BD122C2A7A284400A62039 /* Resources */,
			);
			buildRules = (
			);
			dependencies = (
			);
			name = "MetaMask-iOS";
			packageProductDependencies = (
				1368A92E2A7CCFFA00E14E7C /* Glaip */,
			);
			productName = "MetaMask-iOS";
			productReference = 13BD122E2A7A284400A62039 /* MetaMask-iOS.app */;
			productType = "com.apple.product-type.application";
		};
/* End PBXNativeTarget section */

/* Begin PBXProject section */
		13BD12262A7A284400A62039 /* Project object */ = {
			isa = PBXProject;
			attributes = {
				BuildIndependentTargetsInParallel = 1;
				LastSwiftUpdateCheck = 1420;
				LastUpgradeCheck = 1420;
				TargetAttributes = {
					13BD122D2A7A284400A62039 = {
						CreatedOnToolsVersion = 14.2;
					};
				};
			};
			buildConfigurationList = 13BD12292A7A284400A62039 /* Build configuration list for PBXProject "MetaMask-iOS" */;
			compatibilityVersion = "Xcode 14.0";
			developmentRegion = en;
			hasScannedForEncodings = 0;
			knownRegions = (
				en,
				Base,
			);
			mainGroup = 13BD12252A7A284400A62039;
			packageReferences = (
				1368A92D2A7CCFFA00E14E7C /* XCRemoteSwiftPackageReference "Glaip" */,
			);
			productRefGroup = 13BD122F2A7A284400A62039 /* Products */;
			projectDirPath = "";
			projectRoot = "";
			targets = (
				13BD122D2A7A284400A62039 /* MetaMask-iOS */,
			);
		};
/* End PBXProject section */

/* Begin PBXResourcesBuildPhase section */
		13BD122C2A7A284400A62039 /* Resources */ = {
			isa = PBXResourcesBuildPhase;
			buildActionMask = 2147483647;
			files = (
				13BD123E2A7A284500A62039 /* LaunchScreen.storyboard in Resources */,
				13BD123B2A7A284500A62039 /* Assets.xcassets in Resources */,
				13BD12392A7A284400A62039 /* Main.storyboard in Resources */,
			);
			runOnlyForDeploymentPostprocessing = 0;
		};
/* End PBXResourcesBuildPhase section */

/* Begin PBXSourcesBuildPhase section */
		13BD122A2A7A284400A62039 /* Sources */ = {
			isa = PBXSourcesBuildPhase;
			buildActionMask = 2147483647;
			files = (
				13BD12362A7A284400A62039 /* ViewController.swift in Sources */,
				13BD12322A7A284400A62039 /* AppDelegate.swift in Sources */,
				13BD12342A7A284400A62039 /* SceneDelegate.swift in Sources */,
			);
			runOnlyForDeploymentPostprocessing = 0;
		};
/* End PBXSourcesBuildPhase section */

/* Begin PBXVariantGroup section */
		13BD12372A7A284400A62039 /* Main.storyboard */ = {
			isa = PBXVariantGroup;
			children = (
				13BD12382A7A284400A62039 /* Base */,
			);
			name = Main.storyboard;
			sourceTree = "<group>";
		};
		13BD123C2A7A284500A62039 /* LaunchScreen.storyboard */ = {
			isa = PBXVariantGroup;
			children = (
				13BD123D2A7A284500A62039 /* Base */,
			);
			name = LaunchScreen.storyboard;
			sourceTree = "<group>";
		};
/* End PBXVariantGroup section */

/* Begin XCBuildConfiguration section */
		13BD12402A7A284500A62039 /* Debug */ = {
			isa = XCBuildConfiguration;
			buildSettings = {
				ALWAYS_SEARCH_USER_PATHS = NO;
				CLANG_ANALYZER_NONNULL = YES;
				CLANG_ANALYZER_NUMBER_OBJECT_CONVERSION = YES_AGGRESSIVE;
				CLANG_CXX_LANGUAGE_STANDARD = "gnu++20";
				CLANG_ENABLE_MODULES = YES;
				CLANG_ENABLE_OBJC_ARC = YES;
				CLANG_ENABLE_OBJC_WEAK = YES;
				CLANG_WARN_BLOCK_CAPTURE_AUTORELEASING = YES;
				CLANG_WARN_BOOL_CONVERSION = YES;
				CLANG_WARN_COMMA = YES;
				CLANG_WARN_CONSTANT_CONVERSION = YES;
				CLANG_WARN_DEPRECATED_OBJC_IMPLEMENTATIONS = YES;
				CLANG_WARN_DIRECT_OBJC_ISA_USAGE = YES_ERROR;
				CLANG_WARN_DOCUMENTATION_COMMENTS = YES;
				CLANG_WARN_EMPTY_BODY = YES;
				CLANG_WARN_ENUM_CONVERSION = YES;
				CLANG_WARN_INFINITE_RECURSION = YES;
				CLANG_WARN_INT_CONVERSION = YES;
				CLANG_WARN_NON_LITERAL_NULL_CONVERSION = YES;
				CLANG_WARN_OBJC_IMPLICIT_RETAIN_SELF = YES;
				CLANG_WARN_OBJC_LITERAL_CONVERSION = YES;
				CLANG_WARN_OBJC_ROOT_CLASS = YES_ERROR;
				CLANG_WARN_QUOTED_INCLUDE_IN_FRAMEWORK_HEADER = YES;
				CLANG_WARN_RANGE_LOOP_ANALYSIS = YES;
				CLANG_WARN_STRICT_PROTOTYPES = YES;
				CLANG_WARN_SUSPICIOUS_MOVE = YES;
				CLANG_WARN_UNGUARDED_AVAILABILITY = YES_AGGRESSIVE;
				CLANG_WARN_UNREACHABLE_CODE = YES;
				CLANG_WARN__DUPLICATE_METHOD_MATCH = YES;
				COPY_PHASE_STRIP = NO;
				DEBUG_INFORMATION_FORMAT = dwarf;
				ENABLE_STRICT_OBJC_MSGSEND = YES;
				ENABLE_TESTABILITY = YES;
				GCC_C_LANGUAGE_STANDARD = gnu11;
				GCC_DYNAMIC_NO_PIC = NO;
				GCC_NO_COMMON_BLOCKS = YES;
				GCC_OPTIMIZATION_LEVEL = 0;
				GCC_PREPROCESSOR_DEFINITIONS = (
					"DEBUG=1",
					"$(inherited)",
				);
				GCC_WARN_64_TO_32_BIT_CONVERSION = YES;
				GCC_WARN_ABOUT_RETURN_TYPE = YES_ERROR;
				GCC_WARN_UNDECLARED_SELECTOR = YES;
				GCC_WARN_UNINITIALIZED_AUTOS = YES_AGGRESSIVE;
				GCC_WARN_UNUSED_FUNCTION = YES;
				GCC_WARN_UNUSED_VARIABLE = YES;
				IPHONEOS_DEPLOYMENT_TARGET = 15.5;
				MTL_ENABLE_DEBUG_INFO = INCLUDE_SOURCE;
				MTL_FAST_MATH = YES;
				ONLY_ACTIVE_ARCH = YES;
				SDKROOT = iphoneos;
				SWIFT_ACTIVE_COMPILATION_CONDITIONS = DEBUG;
				SWIFT_OPTIMIZATION_LEVEL = "-Onone";
			};
			name = Debug;
		};
		13BD12412A7A284500A62039 /* Release */ = {
			isa = XCBuildConfiguration;
			buildSettings = {
				ALWAYS_SEARCH_USER_PATHS = NO;
				CLANG_ANALYZER_NONNULL = YES;
				CLANG_ANALYZER_NUMBER_OBJECT_CONVERSION = YES_AGGRESSIVE;
				CLANG_CXX_LANGUAGE_STANDARD = "gnu++20";
				CLANG_ENABLE_MODULES = YES;
				CLANG_ENABLE_OBJC_ARC = YES;
				CLANG_ENABLE_OBJC_WEAK = YES;
				CLANG_WARN_BLOCK_CAPTURE_AUTORELEASING = YES;
				CLANG_WARN_BOOL_CONVERSION = YES;
				CLANG_WARN_COMMA = YES;
				CLANG_WARN_CONSTANT_CONVERSION = YES;
				CLANG_WARN_DEPRECATED_OBJC_IMPLEMENTATIONS = YES;
				CLANG_WARN_DIRECT_OBJC_ISA_USAGE = YES_ERROR;
				CLANG_WARN_DOCUMENTATION_COMMENTS = YES;
				CLANG_WARN_EMPTY_BODY = YES;
				CLANG_WARN_ENUM_CONVERSION = YES;
				CLANG_WARN_INFINITE_RECURSION = YES;
				CLANG_WARN_INT_CONVERSION = YES;
				CLANG_WARN_NON_LITERAL_NULL_CONVERSION = YES;
				CLANG_WARN_OBJC_IMPLICIT_RETAIN_SELF = YES;
				CLANG_WARN_OBJC_LITERAL_CONVERSION = YES;
				CLANG_WARN_OBJC_ROOT_CLASS = YES_ERROR;
				CLANG_WARN_QUOTED_INCLUDE_IN_FRAMEWORK_HEADER = YES;
				CLANG_WARN_RANGE_LOOP_ANALYSIS = YES;
				CLANG_WARN_STRICT_PROTOTYPES = YES;
				CLANG_WARN_SUSPICIOUS_MOVE = YES;
				CLANG_WARN_UNGUARDED_AVAILABILITY = YES_AGGRESSIVE;
				CLANG_WARN_UNREACHABLE_CODE = YES;
				CLANG_WARN__DUPLICATE_METHOD_MATCH = YES;
				COPY_PHASE_STRIP = NO;
				DEBUG_INFORMATION_FORMAT = "dwarf-with-dsym";
				ENABLE_NS_ASSERTIONS = NO;
				ENABLE_STRICT_OBJC_MSGSEND = YES;
				GCC_C_LANGUAGE_STANDARD = gnu11;
				GCC_NO_COMMON_BLOCKS = YES;
				GCC_WARN_64_TO_32_BIT_CONVERSION = YES;
				GCC_WARN_ABOUT_RETURN_TYPE = YES_ERROR;
				GCC_WARN_UNDECLARED_SELECTOR = YES;
				GCC_WARN_UNINITIALIZED_AUTOS = YES_AGGRESSIVE;
				GCC_WARN_UNUSED_FUNCTION = YES;
				GCC_WARN_UNUSED_VARIABLE = YES;
				IPHONEOS_DEPLOYMENT_TARGET = 15.5;
				MTL_ENABLE_DEBUG_INFO = NO;
				MTL_FAST_MATH = YES;
				SDKROOT = iphoneos;
				SWIFT_COMPILATION_MODE = wholemodule;
				SWIFT_OPTIMIZATION_LEVEL = "-O";
				VALIDATE_PRODUCT = YES;
			};
			name = Release;
		};
		13BD12432A7A284500A62039 /* Debug */ = {
			isa = XCBuildConfiguration;
			buildSettings = {
				ASSETCATALOG_COMPILER_APPICON_NAME = AppIcon;
				ASSETCATALOG_COMPILER_GLOBAL_ACCENT_COLOR_NAME = AccentColor;
				CODE_SIGN_STYLE = Automatic;
				CURRENT_PROJECT_VERSION = 1;
				DEVELOPMENT_TEAM = 3EGXVN72T4;
				GENERATE_INFOPLIST_FILE = YES;
				INFOPLIST_FILE = "MetaMask-iOS/Info.plist";
				INFOPLIST_KEY_UIApplicationSupportsIndirectInputEvents = YES;
				INFOPLIST_KEY_UILaunchStoryboardName = LaunchScreen;
				INFOPLIST_KEY_UIMainStoryboardFile = Main;
				INFOPLIST_KEY_UISupportedInterfaceOrientations_iPad = "UIInterfaceOrientationPortrait UIInterfaceOrientationPortraitUpsideDown UIInterfaceOrientationLandscapeLeft UIInterfaceOrientationLandscapeRight";
				INFOPLIST_KEY_UISupportedInterfaceOrientations_iPhone = "UIInterfaceOrientationPortrait UIInterfaceOrientationLandscapeLeft UIInterfaceOrientationLandscapeRight";
				IPHONEOS_DEPLOYMENT_TARGET = 15.5;
				LD_RUNPATH_SEARCH_PATHS = (
					"$(inherited)",
					"@executable_path/Frameworks",
				);
				MARKETING_VERSION = 1.0;
				PRODUCT_BUNDLE_IDENTIFIER = "com.iphtechnologies.MetaMask-iOS";
				PRODUCT_NAME = "$(TARGET_NAME)";
				SWIFT_EMIT_LOC_STRINGS = YES;
				SWIFT_VERSION = 5.0;
				TARGETED_DEVICE_FAMILY = "1,2";
			};
			name = Debug;
		};
		13BD12442A7A284500A62039 /* Release */ = {
			isa = XCBuildConfiguration;
			buildSettings = {
				ASSETCATALOG_COMPILER_APPICON_NAME = AppIcon;
				ASSETCATALOG_COMPILER_GLOBAL_ACCENT_COLOR_NAME = AccentColor;
				CODE_SIGN_STYLE = Automatic;
				CURRENT_PROJECT_VERSION = 1;
				DEVELOPMENT_TEAM = 3EGXVN72T4;
				GENERATE_INFOPLIST_FILE = YES;
				INFOPLIST_FILE = "MetaMask-iOS/Info.plist";
				INFOPLIST_KEY_UIApplicationSupportsIndirectInputEvents = YES;
				INFOPLIST_KEY_UILaunchStoryboardName = LaunchScreen;
				INFOPLIST_KEY_UIMainStoryboardFile = Main;
				INFOPLIST_KEY_UISupportedInterfaceOrientations_iPad = "UIInterfaceOrientationPortrait UIInterfaceOrientationPortraitUpsideDown UIInterfaceOrientationLandscapeLeft UIInterfaceOrientationLandscapeRight";
				INFOPLIST_KEY_UISupportedInterfaceOrientations_iPhone = "UIInterfaceOrientationPortrait UIInterfaceOrientationLandscapeLeft UIInterfaceOrientationLandscapeRight";
				IPHONEOS_DEPLOYMENT_TARGET = 15.5;
				LD_RUNPATH_SEARCH_PATHS = (
					"$(inherited)",
					"@executable_path/Frameworks",
				);
				MARKETING_VERSION = 1.0;
				PRODUCT_BUNDLE_IDENTIFIER = "com.iphtechnologies.MetaMask-iOS";
				PRODUCT_NAME = "$(TARGET_NAME)";
				SWIFT_EMIT_LOC_STRINGS = YES;
				SWIFT_VERSION = 5.0;
				TARGETED_DEVICE_FAMILY = "1,2";
			};
			name = Release;
		};
/* End XCBuildConfiguration section */

/* Begin XCConfigurationList section */
		13BD12292A7A284400A62039 /* Build configuration list for PBXProject "MetaMask-iOS" */ = {
			isa = XCConfigurationList;
			buildConfigurations = (
				13BD12402A7A284500A62039 /* Debug */,
				13BD12412A7A284500A62039 /* Release */,
			);
			defaultConfigurationIsVisible = 0;
			defaultConfigurationName = Release;
		};
		13BD12422A7A284500A62039 /* Build configuration list for PBXNativeTarget "MetaMask-iOS" */ = {
			isa = XCConfigurationList;
			buildConfigurations = (
				13BD12432A7A284500A62039 /* Debug */,
				13BD12442A7A284500A62039 /* Release */,
			);
			defaultConfigurationIsVisible = 0;
			defaultConfigurationName = Release;
		};
/* End XCConfigurationList section */

/* Begin XCRemoteSwiftPackageReference section */
		1368A92D2A7CCFFA00E14E7C /* XCRemoteSwiftPackageReference "Glaip" */ = {
			isa = XCRemoteSwiftPackageReference;
			repositoryURL = "https://github.com/maurovz/Glaip.git";
			requirement = {
				kind = upToNextMinorVersion;
				minimumVersion = 0.1.2;
			};
		};
/* End XCRemoteSwiftPackageReference section */

/* Begin XCSwiftPackageProductDependency section */
		1368A92E2A7CCFFA00E14E7C /* Glaip */ = {
			isa = XCSwiftPackageProductDependency;
			package = 1368A92D2A7CCFFA00E14E7C /* XCRemoteSwiftPackageReference "Glaip" */;
			productName = Glaip;
		};
/* End XCSwiftPackageProductDependency section */
	};
	rootObject = 13BD12262A7A284400A62039 /* Project object */;
}
